
Microsoft Visual Studio Solution File, Format Version 12.00
# Visual Studio Version 16
VisualStudioVersion = 16.0.30907.101
MinimumVisualStudioVersion = 10.0.40219.1
Project("{FAE04EC0-301F-11D3-BF4B-00C04F79EFBC}") = "ScanAndUpload", "ScanAndUpload.csproj", "{37E914B7-5B4E-446F-9D20-A1A17BAF34EE}"
EndProject
Global
	GlobalSection(SolutionConfigurationPlatforms) = preSolution
		Debug|Any CPU = Debug|Any CPU
		Release|Any CPU = Release|Any CPU
	EndGlobalSection
	GlobalSection(ProjectConfigurationPlatforms) = postSolution
		{37E914B7-5B4E-446F-9D20-A1A17BAF34EE}.Debug|Any CPU.ActiveCfg = Debug|Any CPU
		{37E914B7-5B4E-446F-9D20-A1A17BAF34EE}.Debug|Any CPU.Build.0 = Debug|Any CPU
		{37E914B7-5B4E-446F-9D20-A1A17BAF34EE}.Release|Any CPU.ActiveCfg = Release|Any CPU
		{37E914B7-5B4E-446F-9D20-A1A17BAF34EE}.Release|Any CPU.Build.0 = Release|Any CPU
	EndGlobalSection
	GlobalSection(SolutionProperties) = preSolution
		HideSolutionNode = FALSE
	EndGlobalSection
	GlobalSection(ExtensibilityGlobals) = postSolution
		SolutionGuid = {DEE70D94-3D92-4C1D-B47C-A4BB0BE2E8AE}
	EndGlobalSection
EndGlobal
